// !$*UTF8*$!
{
	archiveVersion = 1;
	classes = {
	};
	objectVersion = 46;
	objects = {

/* Begin PBXBuildFile section */
		0AD6197F1C2B62B0008B9573 /* main.m in Sources */ = {isa = PBXBuildFile; fileRef = 0AD6197E1C2B62B0008B9573 /* main.m */; };
		0AD619821C2B62B0008B9573 /* AppDelegate.m in Sources */ = {isa = PBXBuildFile; fileRef = 0AD619811C2B62B0008B9573 /* AppDelegate.m */; };
		0AD619851C2B62B0008B9573 /* ViewController.m in Sources */ = {isa = PBXBuildFile; fileRef = 0AD619841C2B62B0008B9573 /* ViewController.m */; };
		0AD619881C2B62B0008B9573 /* Main.storyboard in Resources */ = {isa = PBXBuildFile; fileRef = 0AD619861C2B62B0008B9573 /* Main.storyboard */; };
		0AD6198A1C2B62B0008B9573 /* Assets.xcassets in Resources */ = {isa = PBXBuildFile; fileRef = 0AD619891C2B62B0008B9573 /* Assets.xcassets */; };
		0AD6198D1C2B62B0008B9573 /* LaunchScreen.storyboard in Resources */ = {isa = PBXBuildFile; fileRef = 0AD6198B1C2B62B0008B9573 /* LaunchScreen.storyboard */; };
		0AD619981C2B62B0008B9573 /* App1Tests.m in Sources */ = {isa = PBXBuildFile; fileRef = 0AD619971C2B62B0008B9573 /* App1Tests.m */; };
		0AD619A31C2B62B0008B9573 /* App1UITests.m in Sources */ = {isa = PBXBuildFile; fileRef = 0AD619A21C2B62B0008B9573 /* App1UITests.m */; };
		12D0CF251C49DCBD000471D0 /* Framework1.framework in Frameworks */ = {isa = PBXBuildFile; fileRef = 12D0CF241C49DCBD000471D0 /* Framework1.framework */; };
/* End PBXBuildFile section */

/* Begin PBXContainerItemProxy section */
		0AD619941C2B62B0008B9573 /* PBXContainerItemProxy */ = {
			isa = PBXContainerItemProxy;
			containerPortal = 0AD619721C2B62B0008B9573 /* Project object */;
			proxyType = 1;
			remoteGlobalIDString = 0AD619791C2B62B0008B9573;
			remoteInfo = App1;
		};
		0AD6199F1C2B62B0008B9573 /* PBXContainerItemProxy */ = {
			isa = PBXContainerItemProxy;
			containerPortal = 0AD619721C2B62B0008B9573 /* Project object */;
			proxyType = 1;
			remoteGlobalIDString = 0AD619791C2B62B0008B9573;
			remoteInfo = App1;
		};
/* End PBXContainerItemProxy section */

/* Begin PBXCopyFilesBuildPhase section */
		0A9C8CD91C4968230025098B /* Embed Frameworks */ = {
			isa = PBXCopyFilesBuildPhase;
			buildActionMask = 2147483647;
			dstPath = "";
			dstSubfolderSpec = 10;
			files = (
			);
			name = "Embed Frameworks";
			runOnlyForDeploymentPostprocessing = 0;
		};
		0A9C8CDC1C496E850025098B /* CopyFiles */ = {
			isa = PBXCopyFilesBuildPhase;
			buildActionMask = 2147483647;
			dstPath = "";
			dstSubfolderSpec = 7;
			files = (
			);
			runOnlyForDeploymentPostprocessing = 0;
		};
/* End PBXCopyFilesBuildPhase section */

/* Begin PBXFileReference section */
		0AD6197A1C2B62B0008B9573 /* App1.app */ = {isa = PBXFileReference; explicitFileType = wrapper.application; includeInIndex = 0; path = App1.app; sourceTree = BUILT_PRODUCTS_DIR; };
		0AD6197E1C2B62B0008B9573 /* main.m */ = {isa = PBXFileReference; lastKnownFileType = sourcecode.c.objc; path = main.m; sourceTree = "<group>"; };
		0AD619801C2B62B0008B9573 /* AppDelegate.h */ = {isa = PBXFileReference; lastKnownFileType = sourcecode.c.h; path = AppDelegate.h; sourceTree = "<group>"; };
		0AD619811C2B62B0008B9573 /* AppDelegate.m */ = {isa = PBXFileReference; lastKnownFileType = sourcecode.c.objc; path = AppDelegate.m; sourceTree = "<group>"; };
		0AD619831C2B62B0008B9573 /* ViewController.h */ = {isa = PBXFileReference; lastKnownFileType = sourcecode.c.h; path = ViewController.h; sourceTree = "<group>"; };
		0AD619841C2B62B0008B9573 /* ViewController.m */ = {isa = PBXFileReference; lastKnownFileType = sourcecode.c.objc; path = ViewController.m; sourceTree = "<group>"; };
		0AD619871C2B62B0008B9573 /* Base */ = {isa = PBXFileReference; lastKnownFileType = file.storyboard; name = Base; path = Base.lproj/Main.storyboard; sourceTree = "<group>"; };
		0AD619891C2B62B0008B9573 /* Assets.xcassets */ = {isa = PBXFileReference; lastKnownFileType = folder.assetcatalog; path = Assets.xcassets; sourceTree = "<group>"; };
		0AD6198C1C2B62B0008B9573 /* Base */ = {isa = PBXFileReference; lastKnownFileType = file.storyboard; name = Base; path = Base.lproj/LaunchScreen.storyboard; sourceTree = "<group>"; };
		0AD6198E1C2B62B0008B9573 /* Info.plist */ = {isa = PBXFileReference; lastKnownFileType = text.plist.xml; path = Info.plist; sourceTree = "<group>"; };
		0AD619931C2B62B0008B9573 /* App1Tests.xctest */ = {isa = PBXFileReference; explicitFileType = wrapper.cfbundle; includeInIndex = 0; path = App1Tests.xctest; sourceTree = BUILT_PRODUCTS_DIR; };
		0AD619971C2B62B0008B9573 /* App1Tests.m */ = {isa = PBXFileReference; lastKnownFileType = sourcecode.c.objc; path = App1Tests.m; sourceTree = "<group>"; };
		0AD619991C2B62B0008B9573 /* Info.plist */ = {isa = PBXFileReference; lastKnownFileType = text.plist.xml; path = Info.plist; sourceTree = "<group>"; };
		0AD6199E1C2B62B0008B9573 /* App1UITests.xctest */ = {isa = PBXFileReference; explicitFileType = wrapper.cfbundle; includeInIndex = 0; path = App1UITests.xctest; sourceTree = BUILT_PRODUCTS_DIR; };
		0AD619A21C2B62B0008B9573 /* App1UITests.m */ = {isa = PBXFileReference; lastKnownFileType = sourcecode.c.objc; path = App1UITests.m; sourceTree = "<group>"; };
		0AD619A41C2B62B0008B9573 /* Info.plist */ = {isa = PBXFileReference; lastKnownFileType = text.plist.xml; path = Info.plist; sourceTree = "<group>"; };
		12D0CF241C49DCBD000471D0 /* Framework1.framework */ = {isa = PBXFileReference; lastKnownFileType = wrapper.framework; name = Framework1.framework; path = "../Framework1/build/Debug-iphoneos/Framework1.framework"; sourceTree = "<group>"; };
/* End PBXFileReference section */

/* Begin PBXFrameworksBuildPhase section */
		0AD619771C2B62B0008B9573 /* Frameworks */ = {
			isa = PBXFrameworksBuildPhase;
			buildActionMask = 2147483647;
			files = (
				12D0CF251C49DCBD000471D0 /* Framework1.framework in Frameworks */,
			);
			runOnlyForDeploymentPostprocessing = 0;
		};
		0AD619901C2B62B0008B9573 /* Frameworks */ = {
			isa = PBXFrameworksBuildPhase;
			buildActionMask = 2147483647;
			files = (
			);
			runOnlyForDeploymentPostprocessing = 0;
		};
		0AD6199B1C2B62B0008B9573 /* Frameworks */ = {
			isa = PBXFrameworksBuildPhase;
			buildActionMask = 2147483647;
			files = (
			);
			runOnlyForDeploymentPostprocessing = 0;
		};
/* End PBXFrameworksBuildPhase section */

/* Begin PBXGroup section */
		0AD619711C2B62B0008B9573 = {
			isa = PBXGroup;
			children = (
				12D0CF241C49DCBD000471D0 /* Framework1.framework */,
				0AD6197C1C2B62B0008B9573 /* App1 */,
				0AD619961C2B62B0008B9573 /* App1Tests */,
				0AD619A11C2B62B0008B9573 /* App1UITests */,
				0AD6197B1C2B62B0008B9573 /* Products */,
			);
			sourceTree = "<group>";
		};
		0AD6197B1C2B62B0008B9573 /* Products */ = {
			isa = PBXGroup;
			children = (
				0AD6197A1C2B62B0008B9573 /* App1.app */,
				0AD619931C2B62B0008B9573 /* App1Tests.xctest */,
				0AD6199E1C2B62B0008B9573 /* App1UITests.xctest */,
			);
			name = Products;
			sourceTree = "<group>";
		};
		0AD6197C1C2B62B0008B9573 /* App1 */ = {
			isa = PBXGroup;
			children = (
				0AD619801C2B62B0008B9573 /* AppDelegate.h */,
				0AD619811C2B62B0008B9573 /* AppDelegate.m */,
				0AD619831C2B62B0008B9573 /* ViewController.h */,
				0AD619841C2B62B0008B9573 /* ViewController.m */,
				0AD619861C2B62B0008B9573 /* Main.storyboard */,
				0AD619891C2B62B0008B9573 /* Assets.xcassets */,
				0AD6198B1C2B62B0008B9573 /* LaunchScreen.storyboard */,
				0AD6198E1C2B62B0008B9573 /* Info.plist */,
				0AD6197D1C2B62B0008B9573 /* Supporting Files */,
			);
			path = App1;
			sourceTree = "<group>";
		};
		0AD6197D1C2B62B0008B9573 /* Supporting Files */ = {
			isa = PBXGroup;
			children = (
				0AD6197E1C2B62B0008B9573 /* main.m */,
			);
			name = "Supporting Files";
			sourceTree = "<group>";
		};
		0AD619961C2B62B0008B9573 /* App1Tests */ = {
			isa = PBXGroup;
			children = (
				0AD619971C2B62B0008B9573 /* App1Tests.m */,
				0AD619991C2B62B0008B9573 /* Info.plist */,
			);
			path = App1Tests;
			sourceTree = "<group>";
		};
		0AD619A11C2B62B0008B9573 /* App1UITests */ = {
			isa = PBXGroup;
			children = (
				0AD619A21C2B62B0008B9573 /* App1UITests.m */,
				0AD619A41C2B62B0008B9573 /* Info.plist */,
			);
			path = App1UITests;
			sourceTree = "<group>";
		};
/* End PBXGroup section */

/* Begin PBXNativeTarget section */
		0AD619791C2B62B0008B9573 /* App1 */ = {
			isa = PBXNativeTarget;
			buildConfigurationList = 0AD619A71C2B62B0008B9573 /* Build configuration list for PBXNativeTarget "App1" */;
			buildPhases = (
				0AD619761C2B62B0008B9573 /* Sources */,
				0AD619771C2B62B0008B9573 /* Frameworks */,
				0AD619781C2B62B0008B9573 /* Resources */,
				0A9C8CD91C4968230025098B /* Embed Frameworks */,
				0A1493881C49D14D00BCA1AB /* ShellScript */,
				0A9C8CDC1C496E850025098B /* CopyFiles */,
			);
			buildRules = (
			);
			dependencies = (
			);
			name = App1;
			productName = App1;
			productReference = 0AD6197A1C2B62B0008B9573 /* App1.app */;
			productType = "com.apple.product-type.application";
		};
		0AD619921C2B62B0008B9573 /* App1Tests */ = {
			isa = PBXNativeTarget;
			buildConfigurationList = 0AD619AA1C2B62B0008B9573 /* Build configuration list for PBXNativeTarget "App1Tests" */;
			buildPhases = (
				0AD6198F1C2B62B0008B9573 /* Sources */,
				0AD619901C2B62B0008B9573 /* Frameworks */,
				0AD619911C2B62B0008B9573 /* Resources */,
			);
			buildRules = (
			);
			dependencies = (
				0AD619951C2B62B0008B9573 /* PBXTargetDependency */,
			);
			name = App1Tests;
			productName = App1Tests;
			productReference = 0AD619931C2B62B0008B9573 /* App1Tests.xctest */;
			productType = "com.apple.product-type.bundle.unit-test";
		};
		0AD6199D1C2B62B0008B9573 /* App1UITests */ = {
			isa = PBXNativeTarget;
			buildConfigurationList = 0AD619AD1C2B62B0008B9573 /* Build configuration list for PBXNativeTarget "App1UITests" */;
			buildPhases = (
				0AD6199A1C2B62B0008B9573 /* Sources */,
				0AD6199B1C2B62B0008B9573 /* Frameworks */,
				0AD6199C1C2B62B0008B9573 /* Resources */,
			);
			buildRules = (
			);
			dependencies = (
				0AD619A01C2B62B0008B9573 /* PBXTargetDependency */,
			);
			name = App1UITests;
			productName = App1UITests;
			productReference = 0AD6199E1C2B62B0008B9573 /* App1UITests.xctest */;
			productType = "com.apple.product-type.bundle.ui-testing";
		};
/* End PBXNativeTarget section */

/* Begin PBXProject section */
		0AD619721C2B62B0008B9573 /* Project object */ = {
			isa = PBXProject;
			attributes = {
				LastUpgradeCheck = 0720;
				ORGANIZATIONNAME = arsenyk;
				TargetAttributes = {
					0AD619791C2B62B0008B9573 = {
						CreatedOnToolsVersion = 7.2;
						DevelopmentTeam = 9JQWRDM9N3;
					};
					0AD619921C2B62B0008B9573 = {
						CreatedOnToolsVersion = 7.2;
						DevelopmentTeam = 9JQWRDM9N3;
						TestTargetID = 0AD619791C2B62B0008B9573;
					};
					0AD6199D1C2B62B0008B9573 = {
						CreatedOnToolsVersion = 7.2;
						DevelopmentTeam = 9JQWRDM9N3;
						TestTargetID = 0AD619791C2B62B0008B9573;
					};
				};
			};
			buildConfigurationList = 0AD619751C2B62B0008B9573 /* Build configuration list for PBXProject "App1" */;
			compatibilityVersion = "Xcode 3.2";
			developmentRegion = English;
			hasScannedForEncodings = 0;
			knownRegions = (
				en,
				Base,
			);
			mainGroup = 0AD619711C2B62B0008B9573;
			productRefGroup = 0AD6197B1C2B62B0008B9573 /* Products */;
			projectDirPath = "";
			projectRoot = "";
			targets = (
				0AD619791C2B62B0008B9573 /* App1 */,
				0AD619921C2B62B0008B9573 /* App1Tests */,
				0AD6199D1C2B62B0008B9573 /* App1UITests */,
			);
		};
/* End PBXProject section */

/* Begin PBXResourcesBuildPhase section */
		0AD619781C2B62B0008B9573 /* Resources */ = {
			isa = PBXResourcesBuildPhase;
			buildActionMask = 2147483647;
			files = (
				0AD6198D1C2B62B0008B9573 /* LaunchScreen.storyboard in Resources */,
				0AD6198A1C2B62B0008B9573 /* Assets.xcassets in Resources */,
				0AD619881C2B62B0008B9573 /* Main.storyboard in Resources */,
			);
			runOnlyForDeploymentPostprocessing = 0;
		};
		0AD619911C2B62B0008B9573 /* Resources */ = {
			isa = PBXResourcesBuildPhase;
			buildActionMask = 2147483647;
			files = (
			);
			runOnlyForDeploymentPostprocessing = 0;
		};
		0AD6199C1C2B62B0008B9573 /* Resources */ = {
			isa = PBXResourcesBuildPhase;
			buildActionMask = 2147483647;
			files = (
			);
			runOnlyForDeploymentPostprocessing = 0;
		};
/* End PBXResourcesBuildPhase section */

/* Begin PBXShellScriptBuildPhase section */
		0A1493881C49D14D00BCA1AB /* ShellScript */ = {
			isa = PBXShellScriptBuildPhase;
			buildActionMask = 2147483647;
			files = (
			);
			inputPaths = (
			);
			outputPaths = (
			);
			runOnlyForDeploymentPostprocessing = 0;
			shellPath = /bin/sh;
			shellScript = "echo The BUILD FOLDER:  ${BUILD_DIR}";
		};
/* End PBXShellScriptBuildPhase section */

/* Begin PBXSourcesBuildPhase section */
		0AD619761C2B62B0008B9573 /* Sources */ = {
			isa = PBXSourcesBuildPhase;
			buildActionMask = 2147483647;
			files = (
				0AD619851C2B62B0008B9573 /* ViewController.m in Sources */,
				0AD619821C2B62B0008B9573 /* AppDelegate.m in Sources */,
				0AD6197F1C2B62B0008B9573 /* main.m in Sources */,
			);
			runOnlyForDeploymentPostprocessing = 0;
		};
		0AD6198F1C2B62B0008B9573 /* Sources */ = {
			isa = PBXSourcesBuildPhase;
			buildActionMask = 2147483647;
			files = (
				0AD619981C2B62B0008B9573 /* App1Tests.m in Sources */,
			);
			runOnlyForDeploymentPostprocessing = 0;
		};
		0AD6199A1C2B62B0008B9573 /* Sources */ = {
			isa = PBXSourcesBuildPhase;
			buildActionMask = 2147483647;
			files = (
				0AD619A31C2B62B0008B9573 /* App1UITests.m in Sources */,
			);
			runOnlyForDeploymentPostprocessing = 0;
		};
/* End PBXSourcesBuildPhase section */

/* Begin PBXTargetDependency section */
		0AD619951C2B62B0008B9573 /* PBXTargetDependency */ = {
			isa = PBXTargetDependency;
			target = 0AD619791C2B62B0008B9573 /* App1 */;
			targetProxy = 0AD619941C2B62B0008B9573 /* PBXContainerItemProxy */;
		};
		0AD619A01C2B62B0008B9573 /* PBXTargetDependency */ = {
			isa = PBXTargetDependency;
			target = 0AD619791C2B62B0008B9573 /* App1 */;
			targetProxy = 0AD6199F1C2B62B0008B9573 /* PBXContainerItemProxy */;
		};
/* End PBXTargetDependency section */

/* Begin PBXVariantGroup section */
		0AD619861C2B62B0008B9573 /* Main.storyboard */ = {
			isa = PBXVariantGroup;
			children = (
				0AD619871C2B62B0008B9573 /* Base */,
			);
			name = Main.storyboard;
			sourceTree = "<group>";
		};
		0AD6198B1C2B62B0008B9573 /* LaunchScreen.storyboard */ = {
			isa = PBXVariantGroup;
			children = (
				0AD6198C1C2B62B0008B9573 /* Base */,
			);
			name = LaunchScreen.storyboard;
			sourceTree = "<group>";
		};
/* End PBXVariantGroup section */

/* Begin XCBuildConfiguration section */
		0AD619A51C2B62B0008B9573 /* Debug */ = {
			isa = XCBuildConfiguration;
			buildSettings = {
				ALWAYS_SEARCH_USER_PATHS = NO;
				CLANG_CXX_LANGUAGE_STANDARD = "gnu++0x";
				CLANG_CXX_LIBRARY = "libc++";
				CLANG_ENABLE_MODULES = YES;
				CLANG_ENABLE_OBJC_ARC = YES;
				CLANG_WARN_BOOL_CONVERSION = YES;
				CLANG_WARN_CONSTANT_CONVERSION = YES;
				CLANG_WARN_DIRECT_OBJC_ISA_USAGE = YES_ERROR;
				CLANG_WARN_EMPTY_BODY = YES;
				CLANG_WARN_ENUM_CONVERSION = YES;
				CLANG_WARN_INT_CONVERSION = YES;
				CLANG_WARN_OBJC_ROOT_CLASS = YES_ERROR;
				CLANG_WARN_UNREACHABLE_CODE = YES;
				CLANG_WARN__DUPLICATE_METHOD_MATCH = YES;
				"CODE_SIGN_IDENTITY[sdk=iphoneos*]" = "iPhone Developer";
				COPY_PHASE_STRIP = NO;
				DEBUG_INFORMATION_FORMAT = dwarf;
				ENABLE_STRICT_OBJC_MSGSEND = YES;
				ENABLE_TESTABILITY = YES;
				GCC_C_LANGUAGE_STANDARD = gnu99;
				GCC_DYNAMIC_NO_PIC = NO;
				GCC_NO_COMMON_BLOCKS = YES;
				GCC_OPTIMIZATION_LEVEL = 0;
				GCC_PREPROCESSOR_DEFINITIONS = (
					"DEBUG=1",
					"$(inherited)",
				);
				GCC_WARN_64_TO_32_BIT_CONVERSION = YES;
				GCC_WARN_ABOUT_RETURN_TYPE = YES_ERROR;
				GCC_WARN_UNDECLARED_SELECTOR = YES;
				GCC_WARN_UNINITIALIZED_AUTOS = YES_AGGRESSIVE;
				GCC_WARN_UNUSED_FUNCTION = YES;
				GCC_WARN_UNUSED_VARIABLE = YES;
				IPHONEOS_DEPLOYMENT_TARGET = 9.2;
				MTL_ENABLE_DEBUG_INFO = YES;
				ONLY_ACTIVE_ARCH = YES;
				SDKROOT = iphoneos;
				TARGETED_DEVICE_FAMILY = "1,2";
				USER_HEADER_SEARCH_PATHS = "$(BUILT_PRODUCTS_DIR)";
			};
			name = Debug;
		};
		0AD619A61C2B62B0008B9573 /* Release */ = {
			isa = XCBuildConfiguration;
			buildSettings = {
				ALWAYS_SEARCH_USER_PATHS = NO;
				CLANG_CXX_LANGUAGE_STANDARD = "gnu++0x";
				CLANG_CXX_LIBRARY = "libc++";
				CLANG_ENABLE_MODULES = YES;
				CLANG_ENABLE_OBJC_ARC = YES;
				CLANG_WARN_BOOL_CONVERSION = YES;
				CLANG_WARN_CONSTANT_CONVERSION = YES;
				CLANG_WARN_DIRECT_OBJC_ISA_USAGE = YES_ERROR;
				CLANG_WARN_EMPTY_BODY = YES;
				CLANG_WARN_ENUM_CONVERSION = YES;
				CLANG_WARN_INT_CONVERSION = YES;
				CLANG_WARN_OBJC_ROOT_CLASS = YES_ERROR;
				CLANG_WARN_UNREACHABLE_CODE = YES;
				CLANG_WARN__DUPLICATE_METHOD_MATCH = YES;
				"CODE_SIGN_IDENTITY[sdk=iphoneos*]" = "iPhone Developer";
				COPY_PHASE_STRIP = NO;
				DEBUG_INFORMATION_FORMAT = "dwarf-with-dsym";
				ENABLE_NS_ASSERTIONS = NO;
				ENABLE_STRICT_OBJC_MSGSEND = YES;
				GCC_C_LANGUAGE_STANDARD = gnu99;
				GCC_NO_COMMON_BLOCKS = YES;
				GCC_WARN_64_TO_32_BIT_CONVERSION = YES;
				GCC_WARN_ABOUT_RETURN_TYPE = YES_ERROR;
				GCC_WARN_UNDECLARED_SELECTOR = YES;
				GCC_WARN_UNINITIALIZED_AUTOS = YES_AGGRESSIVE;
				GCC_WARN_UNUSED_FUNCTION = YES;
				GCC_WARN_UNUSED_VARIABLE = YES;
				IPHONEOS_DEPLOYMENT_TARGET = 9.2;
				MTL_ENABLE_DEBUG_INFO = NO;
				SDKROOT = iphoneos;
				TARGETED_DEVICE_FAMILY = "1,2";
				USER_HEADER_SEARCH_PATHS = "$(BUILT_PRODUCTS_DIR)";
				VALIDATE_PRODUCT = YES;
			};
			name = Release;
		};
		0AD619A81C2B62B0008B9573 /* Debug */ = {
			isa = XCBuildConfiguration;
			buildSettings = {
				ASSETCATALOG_COMPILER_APPICON_NAME = AppIcon;
				INFOPLIST_FILE = App1/Info.plist;
				LD_RUNPATH_SEARCH_PATHS = "$(inherited) @executable_path/Frameworks";
				OTHER_LDFLAGS = "-ObjC";
				PRODUCT_BUNDLE_IDENTIFIER = com.mimiktech.DependencyTestProject.App1;
				PRODUCT_NAME = "$(TARGET_NAME)";
				USER_HEADER_SEARCH_PATHS = "";
			};
			name = Debug;
		};
		0AD619A91C2B62B0008B9573 /* Release */ = {
			isa = XCBuildConfiguration;
			buildSettings = {
				ASSETCATALOG_COMPILER_APPICON_NAME = AppIcon;
				INFOPLIST_FILE = App1/Info.plist;
				LD_RUNPATH_SEARCH_PATHS = "$(inherited) @executable_path/Frameworks";
				OTHER_LDFLAGS = "-ObjC";
				PRODUCT_BUNDLE_IDENTIFIER = com.mimiktech.DependencyTestProject.App1;
				PRODUCT_NAME = "$(TARGET_NAME)";
				USER_HEADER_SEARCH_PATHS = "";
			};
			name = Release;
		};
		0AD619AB1C2B62B0008B9573 /* Debug */ = {
			isa = XCBuildConfiguration;
			buildSettings = {
				BUNDLE_LOADER = "$(TEST_HOST)";
				INFOPLIST_FILE = App1Tests/Info.plist;
				LD_RUNPATH_SEARCH_PATHS = "$(inherited) @executable_path/Frameworks @loader_path/Frameworks";
				PRODUCT_BUNDLE_IDENTIFIER = com.mimiktech.DependencyTestProject.App1Tests;
				PRODUCT_NAME = "$(TARGET_NAME)";
				TEST_HOST = "$(BUILT_PRODUCTS_DIR)/App1.app/App1";
			};
			name = Debug;
		};
		0AD619AC1C2B62B0008B9573 /* Release */ = {
			isa = XCBuildConfiguration;
			buildSettings = {
				BUNDLE_LOADER = "$(TEST_HOST)";
				INFOPLIST_FILE = App1Tests/Info.plist;
				LD_RUNPATH_SEARCH_PATHS = "$(inherited) @executable_path/Frameworks @loader_path/Frameworks";
				PRODUCT_BUNDLE_IDENTIFIER = com.mimiktech.DependencyTestProject.App1Tests;
				PRODUCT_NAME = "$(TARGET_NAME)";
				TEST_HOST = "$(BUILT_PRODUCTS_DIR)/App1.app/App1";
			};
			name = Release;
		};
		0AD619AE1C2B62B0008B9573 /* Debug */ = {
			isa = XCBuildConfiguration;
			buildSettings = {
				INFOPLIST_FILE = App1UITests/Info.plist;
				LD_RUNPATH_SEARCH_PATHS = "$(inherited) @executable_path/Frameworks @loader_path/Frameworks";
				PRODUCT_BUNDLE_IDENTIFIER = com.mimiktech.DependencyTestProject.App1UITests;
				PRODUCT_NAME = "$(TARGET_NAME)";
				TEST_TARGET_NAME = App1;
				USES_XCTRUNNER = YES;
			};
			name = Debug;
		};
		0AD619AF1C2B62B0008B9573 /* Release */ = {
			isa = XCBuildConfiguration;
			buildSettings = {
				INFOPLIST_FILE = App1UITests/Info.plist;
				LD_RUNPATH_SEARCH_PATHS = "$(inherited) @executable_path/Frameworks @loader_path/Frameworks";
				PRODUCT_BUNDLE_IDENTIFIER = com.mimiktech.DependencyTestProject.App1UITests;
				PRODUCT_NAME = "$(TARGET_NAME)";
				TEST_TARGET_NAME = App1;
				USES_XCTRUNNER = YES;
			};
			name = Release;
		};
/* End XCBuildConfiguration section */

/* Begin XCConfigurationList section */
		0AD619751C2B62B0008B9573 /* Build configuration list for PBXProject "App1" */ = {
			isa = XCConfigurationList;
			buildConfigurations = (
				0AD619A51C2B62B0008B9573 /* Debug */,
				0AD619A61C2B62B0008B9573 /* Release */,
			);
			defaultConfigurationIsVisible = 0;
			defaultConfigurationName = Release;
		};
		0AD619A71C2B62B0008B9573 /* Build configuration list for PBXNativeTarget "App1" */ = {
			isa = XCConfigurationList;
			buildConfigurations = (
				0AD619A81C2B62B0008B9573 /* Debug */,
				0AD619A91C2B62B0008B9573 /* Release */,
			);
			defaultConfigurationIsVisible = 0;
			defaultConfigurationName = Release;
		};
		0AD619AA1C2B62B0008B9573 /* Build configuration list for PBXNativeTarget "App1Tests" */ = {
			isa = XCConfigurationList;
			buildConfigurations = (
				0AD619AB1C2B62B0008B9573 /* Debug */,
				0AD619AC1C2B62B0008B9573 /* Release */,
			);
			defaultConfigurationIsVisible = 0;
			defaultConfigurationName = Release;
		};
		0AD619AD1C2B62B0008B9573 /* Build configuration list for PBXNativeTarget "App1UITests" */ = {
			isa = XCConfigurationList;
			buildConfigurations = (
				0AD619AE1C2B62B0008B9573 /* Debug */,
				0AD619AF1C2B62B0008B9573 /* Release */,
			);
			defaultConfigurationIsVisible = 0;
			defaultConfigurationName = Release;
		};
/* End XCConfigurationList section */
	};
	rootObject = 0AD619721C2B62B0008B9573 /* Project object */;
}
